
Microsoft Visual Studio Solution File, Format Version 12.00
# Visual Studio 14
VisualStudioVersion = 14.0.25420.1
MinimumVisualStudioVersion = 10.0.40219.1
Project("{FAE04EC0-301F-11D3-BF4B-00C04F79EFBC}") = "SumSeconds", "SumSeconds\SumSeconds.csproj", "{D872E8FD-7D1F-4982-979D-AFE83839AF97}"
EndProject
Project("{FAE04EC0-301F-11D3-BF4B-00C04F79EFBC}") = "BonusScore", "BonusScore\BonusScore.csproj", "{29EC4157-D517-440E-B125-1563A0C820C9}"
EndProject
Project("{FAE04EC0-301F-11D3-BF4B-00C04F79EFBC}") = "SpeedInfo", "SpeedInfo\SpeedInfo.csproj", "{4C4B4417-E069-49F6-A9C1-957FC7140D03}"
EndProject
Project("{FAE04EC0-301F-11D3-BF4B-00C04F79EFBC}") = "MetricConverter", "MetricConverter\MetricConverter.csproj", "{9B1F4B5A-8C43-435F-929E-A88C49781757}"
EndProject
Project("{FAE04EC0-301F-11D3-BF4B-00C04F79EFBC}") = "15Minutes", "15Minutes\15Minutes.csproj", "{E22EEAA7-60F9-4F58-9780-F4C29661A338}"
EndProject
Project("{FAE04EC0-301F-11D3-BF4B-00C04F79EFBC}") = "ThreeBrothers", "ThreeBrothers\ThreeBrothers.csproj", "{35A9527C-0848-48F2-95D8-49A87020193B}"
EndProject
Project("{FAE04EC0-301F-11D3-BF4B-00C04F79EFBC}") = "Scholarship", "Scholarship\Scholarship.csproj", "{9DBDF3E3-F44E-4FFC-A6C8-14183BC90796}"
EndProject
Project("{FAE04EC0-301F-11D3-BF4B-00C04F79EFBC}") = "Choreography", "Choreography\Choreography.csproj", "{288A0756-7B86-416F-B0DC-5288D622355F}"
EndProject
Project("{FAE04EC0-301F-11D3-BF4B-00C04F79EFBC}") = "WorldSwimmingRecord", "WorldSwimmingRecord\WorldSwimmingRecord.csproj", "{C253869E-3D73-44D2-8D06-C49752BD478A}"
EndProject
Global
	GlobalSection(SolutionConfigurationPlatforms) = preSolution
		Debug|Any CPU = Debug|Any CPU
		Release|Any CPU = Release|Any CPU
	EndGlobalSection
	GlobalSection(ProjectConfigurationPlatforms) = postSolution
		{D872E8FD-7D1F-4982-979D-AFE83839AF97}.Debug|Any CPU.ActiveCfg = Debug|Any CPU
		{D872E8FD-7D1F-4982-979D-AFE83839AF97}.Debug|Any CPU.Build.0 = Debug|Any CPU
		{D872E8FD-7D1F-4982-979D-AFE83839AF97}.Release|Any CPU.ActiveCfg = Release|Any CPU
		{D872E8FD-7D1F-4982-979D-AFE83839AF97}.Release|Any CPU.Build.0 = Release|Any CPU
		{29EC4157-D517-440E-B125-1563A0C820C9}.Debug|Any CPU.ActiveCfg = Debug|Any CPU
		{29EC4157-D517-440E-B125-1563A0C820C9}.Debug|Any CPU.Build.0 = Debug|Any CPU
		{29EC4157-D517-440E-B125-1563A0C820C9}.Release|Any CPU.ActiveCfg = Release|Any CPU
		{29EC4157-D517-440E-B125-1563A0C820C9}.Release|Any CPU.Build.0 = Release|Any CPU
		{4C4B4417-E069-49F6-A9C1-957FC7140D03}.Debug|Any CPU.ActiveCfg = Debug|Any CPU
		{4C4B4417-E069-49F6-A9C1-957FC7140D03}.Debug|Any CPU.Build.0 = Debug|Any CPU
		{4C4B4417-E069-49F6-A9C1-957FC7140D03}.Release|Any CPU.ActiveCfg = Release|Any CPU
		{4C4B4417-E069-49F6-A9C1-957FC7140D03}.Release|Any CPU.Build.0 = Release|Any CPU
		{9B1F4B5A-8C43-435F-929E-A88C49781757}.Debug|Any CPU.ActiveCfg = Debug|Any CPU
		{9B1F4B5A-8C43-435F-929E-A88C49781757}.Debug|Any CPU.Build.0 = Debug|Any CPU
		{9B1F4B5A-8C43-435F-929E-A88C49781757}.Release|Any CPU.ActiveCfg = Release|Any CPU
		{9B1F4B5A-8C43-435F-929E-A88C49781757}.Release|Any CPU.Build.0 = Release|Any CPU
		{E22EEAA7-60F9-4F58-9780-F4C29661A338}.Debug|Any CPU.ActiveCfg = Debug|Any CPU
		{E22EEAA7-60F9-4F58-9780-F4C29661A338}.Debug|Any CPU.Build.0 = Debug|Any CPU
		{E22EEAA7-60F9-4F58-9780-F4C29661A338}.Release|Any CPU.ActiveCfg = Release|Any CPU
		{E22EEAA7-60F9-4F58-9780-F4C29661A338}.Release|Any CPU.Build.0 = Release|Any CPU
		{35A9527C-0848-48F2-95D8-49A87020193B}.Debug|Any CPU.ActiveCfg = Debug|Any CPU
		{35A9527C-0848-48F2-95D8-49A87020193B}.Debug|Any CPU.Build.0 = Debug|Any CPU
		{35A9527C-0848-48F2-95D8-49A87020193B}.Release|Any CPU.ActiveCfg = Release|Any CPU
		{35A9527C-0848-48F2-95D8-49A87020193B}.Release|Any CPU.Build.0 = Release|Any CPU
		{9DBDF3E3-F44E-4FFC-A6C8-14183BC90796}.Debug|Any CPU.ActiveCfg = Debug|Any CPU
		{9DBDF3E3-F44E-4FFC-A6C8-14183BC90796}.Debug|Any CPU.Build.0 = Debug|Any CPU
		{9DBDF3E3-F44E-4FFC-A6C8-14183BC90796}.Release|Any CPU.ActiveCfg = Release|Any CPU
		{9DBDF3E3-F44E-4FFC-A6C8-14183BC90796}.Release|Any CPU.Build.0 = Release|Any CPU
		{288A0756-7B86-416F-B0DC-5288D622355F}.Debug|Any CPU.ActiveCfg = Debug|Any CPU
		{288A0756-7B86-416F-B0DC-5288D622355F}.Debug|Any CPU.Build.0 = Debug|Any CPU
		{288A0756-7B86-416F-B0DC-5288D622355F}.Release|Any CPU.ActiveCfg = Release|Any CPU
		{288A0756-7B86-416F-B0DC-5288D622355F}.Release|Any CPU.Build.0 = Release|Any CPU
		{C253869E-3D73-44D2-8D06-C49752BD478A}.Debug|Any CPU.ActiveCfg = Debug|Any CPU
		{C253869E-3D73-44D2-8D06-C49752BD478A}.Debug|Any CPU.Build.0 = Debug|Any CPU
		{C253869E-3D73-44D2-8D06-C49752BD478A}.Release|Any CPU.ActiveCfg = Release|Any CPU
		{C253869E-3D73-44D2-8D06-C49752BD478A}.Release|Any CPU.Build.0 = Release|Any CPU
	EndGlobalSection
	GlobalSection(SolutionProperties) = preSolution
		HideSolutionNode = FALSE
	EndGlobalSection
EndGlobal
