
Microsoft Visual Studio Solution File, Format Version 12.00
# Visual Studio 15
VisualStudioVersion = 15.0.28307.757
MinimumVisualStudioVersion = 10.0.40219.1
Project("{9A19103F-16F7-4668-BE54-9A1E7A4F7556}") = "Vehicles", "Vehicles\Vehicles.csproj", "{D52E2F3C-B78A-4EA7-B937-FD4580A5F55D}"
EndProject
Project("{FAE04EC0-301F-11D3-BF4B-00C04F79EFBC}") = "VehicleExtension", "VehicleExtension\VehicleExtension.csproj", "{F462FFD1-65B0-4B28-B26B-26DCEA56C630}"
EndProject
Project("{FAE04EC0-301F-11D3-BF4B-00C04F79EFBC}") = "WildFarm", "WildFarm\WildFarm.csproj", "{2787188F-A514-441E-8D63-C0B93E0FF9EA}"
EndProject
Project("{FAE04EC0-301F-11D3-BF4B-00C04F79EFBC}") = "WildFarm2", "WildFarm2\WildFarm2.csproj", "{F6A56C70-9FEA-47A4-8CC4-E4535B3505A9}"
EndProject
Global
	GlobalSection(SolutionConfigurationPlatforms) = preSolution
		Debug|Any CPU = Debug|Any CPU
		Release|Any CPU = Release|Any CPU
	EndGlobalSection
	GlobalSection(ProjectConfigurationPlatforms) = postSolution
		{D52E2F3C-B78A-4EA7-B937-FD4580A5F55D}.Debug|Any CPU.ActiveCfg = Debug|Any CPU
		{D52E2F3C-B78A-4EA7-B937-FD4580A5F55D}.Debug|Any CPU.Build.0 = Debug|Any CPU
		{D52E2F3C-B78A-4EA7-B937-FD4580A5F55D}.Release|Any CPU.ActiveCfg = Release|Any CPU
		{D52E2F3C-B78A-4EA7-B937-FD4580A5F55D}.Release|Any CPU.Build.0 = Release|Any CPU
		{F462FFD1-65B0-4B28-B26B-26DCEA56C630}.Debug|Any CPU.ActiveCfg = Debug|Any CPU
		{F462FFD1-65B0-4B28-B26B-26DCEA56C630}.Debug|Any CPU.Build.0 = Debug|Any CPU
		{F462FFD1-65B0-4B28-B26B-26DCEA56C630}.Release|Any CPU.ActiveCfg = Release|Any CPU
		{F462FFD1-65B0-4B28-B26B-26DCEA56C630}.Release|Any CPU.Build.0 = Release|Any CPU
		{2787188F-A514-441E-8D63-C0B93E0FF9EA}.Debug|Any CPU.ActiveCfg = Debug|Any CPU
		{2787188F-A514-441E-8D63-C0B93E0FF9EA}.Debug|Any CPU.Build.0 = Debug|Any CPU
		{2787188F-A514-441E-8D63-C0B93E0FF9EA}.Release|Any CPU.ActiveCfg = Release|Any CPU
		{2787188F-A514-441E-8D63-C0B93E0FF9EA}.Release|Any CPU.Build.0 = Release|Any CPU
		{F6A56C70-9FEA-47A4-8CC4-E4535B3505A9}.Debug|Any CPU.ActiveCfg = Debug|Any CPU
		{F6A56C70-9FEA-47A4-8CC4-E4535B3505A9}.Debug|Any CPU.Build.0 = Debug|Any CPU
		{F6A56C70-9FEA-47A4-8CC4-E4535B3505A9}.Release|Any CPU.ActiveCfg = Release|Any CPU
		{F6A56C70-9FEA-47A4-8CC4-E4535B3505A9}.Release|Any CPU.Build.0 = Release|Any CPU
	EndGlobalSection
	GlobalSection(SolutionProperties) = preSolution
		HideSolutionNode = FALSE
	EndGlobalSection
	GlobalSection(ExtensibilityGlobals) = postSolution
		SolutionGuid = {D1A373B1-7F50-4602-8049-6F348BCD2492}
	EndGlobalSection
EndGlobal
