
Microsoft Visual Studio Solution File, Format Version 12.00
# Visual Studio 15
VisualStudioVersion = 15.0.28307.757
MinimumVisualStudioVersion = 10.0.40219.1
Project("{9A19103F-16F7-4668-BE54-9A1E7A4F7556}") = "Logger", "Logger\Logger.csproj", "{553FE84F-C7F7-4557-B3B0-02EA4B6B5249}"
EndProject
Project("{9A19103F-16F7-4668-BE54-9A1E7A4F7556}") = "SingleResponsiblilityExample", "SingleResponsiblilityExample\SingleResponsiblilityExample.csproj", "{1054AF04-6843-41C3-9542-735B979FE5F1}"
EndProject
Project("{9A19103F-16F7-4668-BE54-9A1E7A4F7556}") = "LoggerMart2018", "LoggerMart2018\LoggerMart2018.csproj", "{81C59613-293B-4B61-982E-F746E2505CF7}"
EndProject
Project("{FAE04EC0-301F-11D3-BF4B-00C04F79EFBC}") = "LoggerMyversion", "LoggerMyversion\LoggerMyversion.csproj", "{05369237-C865-4DB9-AC33-40C4786B89F2}"
EndProject
Project("{FAE04EC0-301F-11D3-BF4B-00C04F79EFBC}") = "LoggerRAstardzhiev", "LoggerRAstardzhiev\LoggerRAstardzhiev.csproj", "{F5982D4A-8684-4A67-B318-CD84413C9A18}"
EndProject
Global
	GlobalSection(SolutionConfigurationPlatforms) = preSolution
		Debug|Any CPU = Debug|Any CPU
		Release|Any CPU = Release|Any CPU
	EndGlobalSection
	GlobalSection(ProjectConfigurationPlatforms) = postSolution
		{553FE84F-C7F7-4557-B3B0-02EA4B6B5249}.Debug|Any CPU.ActiveCfg = Debug|Any CPU
		{553FE84F-C7F7-4557-B3B0-02EA4B6B5249}.Debug|Any CPU.Build.0 = Debug|Any CPU
		{553FE84F-C7F7-4557-B3B0-02EA4B6B5249}.Release|Any CPU.ActiveCfg = Release|Any CPU
		{553FE84F-C7F7-4557-B3B0-02EA4B6B5249}.Release|Any CPU.Build.0 = Release|Any CPU
		{1054AF04-6843-41C3-9542-735B979FE5F1}.Debug|Any CPU.ActiveCfg = Debug|Any CPU
		{1054AF04-6843-41C3-9542-735B979FE5F1}.Debug|Any CPU.Build.0 = Debug|Any CPU
		{1054AF04-6843-41C3-9542-735B979FE5F1}.Release|Any CPU.ActiveCfg = Release|Any CPU
		{1054AF04-6843-41C3-9542-735B979FE5F1}.Release|Any CPU.Build.0 = Release|Any CPU
		{81C59613-293B-4B61-982E-F746E2505CF7}.Debug|Any CPU.ActiveCfg = Debug|Any CPU
		{81C59613-293B-4B61-982E-F746E2505CF7}.Debug|Any CPU.Build.0 = Debug|Any CPU
		{81C59613-293B-4B61-982E-F746E2505CF7}.Release|Any CPU.ActiveCfg = Release|Any CPU
		{81C59613-293B-4B61-982E-F746E2505CF7}.Release|Any CPU.Build.0 = Release|Any CPU
		{05369237-C865-4DB9-AC33-40C4786B89F2}.Debug|Any CPU.ActiveCfg = Debug|Any CPU
		{05369237-C865-4DB9-AC33-40C4786B89F2}.Debug|Any CPU.Build.0 = Debug|Any CPU
		{05369237-C865-4DB9-AC33-40C4786B89F2}.Release|Any CPU.ActiveCfg = Release|Any CPU
		{05369237-C865-4DB9-AC33-40C4786B89F2}.Release|Any CPU.Build.0 = Release|Any CPU
		{F5982D4A-8684-4A67-B318-CD84413C9A18}.Debug|Any CPU.ActiveCfg = Debug|Any CPU
		{F5982D4A-8684-4A67-B318-CD84413C9A18}.Debug|Any CPU.Build.0 = Debug|Any CPU
		{F5982D4A-8684-4A67-B318-CD84413C9A18}.Release|Any CPU.ActiveCfg = Release|Any CPU
		{F5982D4A-8684-4A67-B318-CD84413C9A18}.Release|Any CPU.Build.0 = Release|Any CPU
	EndGlobalSection
	GlobalSection(SolutionProperties) = preSolution
		HideSolutionNode = FALSE
	EndGlobalSection
	GlobalSection(ExtensibilityGlobals) = postSolution
		SolutionGuid = {FCFDC9D8-5776-4E21-A078-F6FD3DFCCFE4}
	EndGlobalSection
EndGlobal
