
Microsoft Visual Studio Solution File, Format Version 12.00
# Visual Studio 15
VisualStudioVersion = 15.0.27703.2026
MinimumVisualStudioVersion = 10.0.40219.1
Project("{2150E333-8FDC-42A3-9474-1A3956D46DE8}") = "Creational Patterns", "Creational Patterns", "{A60DEC21-A5DB-4967-ADBC-1A1915761014}"
EndProject
Project("{2150E333-8FDC-42A3-9474-1A3956D46DE8}") = "Behavioral Patterns", "Behavioral Patterns", "{F2CC08B8-C7A1-44F6-A1A8-22E6BAC94393}"
EndProject
Project("{2150E333-8FDC-42A3-9474-1A3956D46DE8}") = "Structural Patterns", "Structural Patterns", "{7A1C45E9-20A1-4870-8768-D4037D63E8A3}"
EndProject
Project("{2150E333-8FDC-42A3-9474-1A3956D46DE8}") = "Simple Factory", "Simple Factory", "{F5828C05-9C91-48EA-86E1-7E5C94332788}"
EndProject
Project("{9A19103F-16F7-4668-BE54-9A1E7A4F7556}") = "Example", "Creational Patterns\Simple Factory\Example\Example.csproj", "{6CF2246F-7BAE-4AB4-9941-E47879FBE0AE}"
EndProject
Project("{2150E333-8FDC-42A3-9474-1A3956D46DE8}") = "Prototype Pattern", "Prototype Pattern", "{C2C72221-8EBC-4A3E-91C4-AA71B4E34896}"
EndProject
Project("{2150E333-8FDC-42A3-9474-1A3956D46DE8}") = "Singleton Pattern", "Singleton Pattern", "{168AC550-F323-4DAC-9887-5CCF0D635A8F}"
EndProject
Project("{9A19103F-16F7-4668-BE54-9A1E7A4F7556}") = "CloneManually", "Creational Patterns\Prototype Pattern\CloneManually\CloneManually.csproj", "{3247066F-A3D6-420F-976A-D3319F81E8B9}"
EndProject
Project("{9A19103F-16F7-4668-BE54-9A1E7A4F7556}") = "CloneWithMemberwiseClone", "Creational Patterns\Prototype Pattern\CloneWithMemberwiseClone\CloneWithMemberwiseClone.csproj", "{B68C0A25-5418-4D40-8F28-906E106E6272}"
EndProject
Project("{2150E333-8FDC-42A3-9474-1A3956D46DE8}") = "Factory Method", "Factory Method", "{693E432A-5457-4FC6-A357-A06C899D8063}"
EndProject
Project("{9A19103F-16F7-4668-BE54-9A1E7A4F7556}") = "FactoryMethodExample", "Creational Patterns\Factory Method\FactoryMethodExample\FactoryMethodExample.csproj", "{029776A0-7C84-4DB8-B5F4-3AAEBA3ACF7E}"
EndProject
Project("{9A19103F-16F7-4668-BE54-9A1E7A4F7556}") = "SingletonDemo", "Creational Patterns\Singleton Pattern\SingletonDemo\SingletonDemo.csproj", "{AD9A1EB4-EB04-4D90-944C-548ABE3358C8}"
EndProject
Project("{9A19103F-16F7-4668-BE54-9A1E7A4F7556}") = "LazyImplementationExampleCSharpInDepth", "Creational Patterns\Singleton Pattern\LazyImplementationExampleCSharpInDepth\LazyImplementationExampleCSharpInDepth.csproj", "{1DB51628-B924-447D-9594-E10262D928A6}"
EndProject
Project("{FAE04EC0-301F-11D3-BF4B-00C04F79EFBC}") = "ThreadSafeWithoutUsingLocks", "Creational Patterns\Singleton Pattern\ThreadSafeWithoutUsingLocks\ThreadSafeWithoutUsingLocks.csproj", "{1CCF27AC-5B03-463C-A2C4-845605502615}"
EndProject
Project("{2150E333-8FDC-42A3-9474-1A3956D46DE8}") = "Abstract Factory", "Abstract Factory", "{8B76F00B-53F8-46D2-8EC9-AF8F13B9297B}"
EndProject
Project("{FAE04EC0-301F-11D3-BF4B-00C04F79EFBC}") = "ExampleOne", "Creational Patterns\Abstract Factory\ExampleOne\ExampleOne.csproj", "{A5FE1780-7609-4F29-936E-47952BEEBB62}"
EndProject
Project("{FAE04EC0-301F-11D3-BF4B-00C04F79EFBC}") = "WIKIExample", "Creational Patterns\Abstract Factory\WIKIExample\WIKIExample.csproj", "{F743DA3D-C071-4E6F-9228-EA8E616AEBD4}"
EndProject
Project("{2150E333-8FDC-42A3-9474-1A3956D46DE8}") = "Builder Pattern", "Builder Pattern", "{8AA8F047-BB2E-49E9-8A28-EF59E5772F96}"
EndProject
Project("{FAE04EC0-301F-11D3-BF4B-00C04F79EFBC}") = "Example", "Creational Patterns\Builder Pattern\Example\Example.csproj", "{CE69D520-8D83-4B58-949F-F6004E560CC6}"
EndProject
Project("{FAE04EC0-301F-11D3-BF4B-00C04F79EFBC}") = "ExampleTwo", "Creational Patterns\Builder Pattern\ExampleTwo\ExampleTwo.csproj", "{47301806-C9AB-430C-8E28-3D09711D5342}"
EndProject
Project("{FAE04EC0-301F-11D3-BF4B-00C04F79EFBC}") = "Example3", "Creational Patterns\Builder Pattern\Example3\Example3.csproj", "{F1F96DFF-BDD6-4856-8F95-45CC4EDC21BD}"
EndProject
Project("{2150E333-8FDC-42A3-9474-1A3956D46DE8}") = "Fluent Interface", "Fluent Interface", "{9E7B6AF1-5443-4937-9181-C2BA117F30B8}"
EndProject
Project("{FAE04EC0-301F-11D3-BF4B-00C04F79EFBC}") = "Example", "Creational Patterns\Fluent Interface\Example\Example.csproj", "{7BC1B399-DC18-4014-B68B-A8A91422B102}"
EndProject
Project("{2150E333-8FDC-42A3-9474-1A3956D46DE8}") = "Object Pool", "Object Pool", "{B8799E62-0CDF-4F8B-9E92-E952F2CFC98C}"
EndProject
Project("{FAE04EC0-301F-11D3-BF4B-00C04F79EFBC}") = "Example", "Creational Patterns\Object pool\Example\Example.csproj", "{FB10BA21-1633-435D-A632-8843C44FCA60}"
EndProject
Project("{2150E333-8FDC-42A3-9474-1A3956D46DE8}") = "Lazy Initialization", "Lazy Initialization", "{1FE34421-5F9B-436E-841E-9A6BC66B02D7}"
EndProject
Project("{FAE04EC0-301F-11D3-BF4B-00C04F79EFBC}") = "Example", "Creational Patterns\Lazy Initialization\Example\Example.csproj", "{744B660D-9BE3-4585-8068-F197770C467E}"
EndProject
Project("{FAE04EC0-301F-11D3-BF4B-00C04F79EFBC}") = "Example2", "Creational Patterns\Lazy Initialization\Example2\Example2.csproj", "{56F5687A-BC45-4A42-B4F2-47CDDAC13AD5}"
EndProject
Project("{FAE04EC0-301F-11D3-BF4B-00C04F79EFBC}") = "SoftUniExample", "Creational Patterns\Builder Pattern\SoftUniExample\SoftUniExample.csproj", "{F13B2725-02E1-4DAD-B8C8-1FA851C0760A}"
EndProject
Project("{2150E333-8FDC-42A3-9474-1A3956D46DE8}") = "Facade Pattern", "Facade Pattern", "{824B87D5-2BF3-4AC1-85DF-E46B1A8AD231}"
EndProject
Project("{FAE04EC0-301F-11D3-BF4B-00C04F79EFBC}") = "FacadeDemo", "Structural Patterns\Facade Pattern\FacadeDemo\FacadeDemo.csproj", "{FDC11991-7940-463F-A814-B51B55F2BFAD}"
EndProject
Project("{FAE04EC0-301F-11D3-BF4B-00C04F79EFBC}") = "RealWorldCodeExample", "Structural Patterns\Facade Pattern\RealWorldCodeExample\RealWorldCodeExample.csproj", "{389B76AF-046A-4E63-A8C0-CFF82BFF81EA}"
EndProject
Project("{FAE04EC0-301F-11D3-BF4B-00C04F79EFBC}") = "CodeprojectExample", "Structural Patterns\Facade Pattern\CodeprojectExample\CodeprojectExample.csproj", "{5F90D668-07EE-4A80-B5B8-EADCD2D4BCB7}"
EndProject
Project("{2150E333-8FDC-42A3-9474-1A3956D46DE8}") = "Composite Pattern", "Composite Pattern", "{A7545975-7A85-4CFA-8148-E314408585CD}"
EndProject
Project("{FAE04EC0-301F-11D3-BF4B-00C04F79EFBC}") = "WikiExample", "Structural Patterns\Composite Pattern\WikiExample\WikiExample.csproj", "{6F429F25-B242-4758-B7CA-E9EE592742FE}"
EndProject
Project("{2150E333-8FDC-42A3-9474-1A3956D46DE8}") = "Composition Over Inheritance", "Composition Over Inheritance", "{F98ABDC7-AD7A-427E-A880-DA5D7FF58D9F}"
EndProject
Project("{FAE04EC0-301F-11D3-BF4B-00C04F79EFBC}") = "ScottLillyExample", "Composition Over Inheritance\ScottLillyExample\ScottLillyExample.csproj", "{59F73E03-A521-4403-8475-5145E546DE63}"
EndProject
Project("{9A19103F-16F7-4668-BE54-9A1E7A4F7556}") = "TestMonsterFactory", "Composition Over Inheritance\ScottLillyExample\TestMonsterFactory\TestMonsterFactory.csproj", "{4A55D3E6-44BF-4279-B92D-44EE262F6CFD}"
EndProject
Project("{9A19103F-16F7-4668-BE54-9A1E7A4F7556}") = "DotnettricksExample", "Structural Patterns\Composite Pattern\DotnettricksExample\DotnettricksExample.csproj", "{862723F5-7DB5-4D7D-9BC8-F63A06A9B083}"
EndProject
Project("{2150E333-8FDC-42A3-9474-1A3956D46DE8}") = "Flyweight", "Flyweight", "{0CD4AD38-BA47-4BED-B7D9-80B825AECB93}"
EndProject
Project("{9A19103F-16F7-4668-BE54-9A1E7A4F7556}") = "DotnettricksExampleFlyweight", "Structural Patterns\Flyweight\DotnettricksExampleFlyweight\DotnettricksExampleFlyweight.csproj", "{10CF252E-548A-47E4-BD5D-0C9250E962CF}"
EndProject
Project("{9A19103F-16F7-4668-BE54-9A1E7A4F7556}") = "SourcemakingWithRefactoring", "Structural Patterns\Flyweight\Sourcemaking\SourcemakingWithRefactoring.csproj", "{F64644F3-EBAE-43BA-83E3-BC1C10F6A910}"
EndProject
Project("{9A19103F-16F7-4668-BE54-9A1E7A4F7556}") = "SourcemakingWithoutRefactoring", "Structural Patterns\Flyweight\SourcemakingWithoutRefactoring\SourcemakingWithoutRefactoring.csproj", "{3B77D975-8583-46D5-81DB-74B070F6C2C3}"
EndProject
Project("{2150E333-8FDC-42A3-9474-1A3956D46DE8}") = "Proxy Pattern", "Proxy Pattern", "{E00BE694-4159-4A9A-A87D-D616A32A1134}"
EndProject
Project("{9A19103F-16F7-4668-BE54-9A1E7A4F7556}") = "CodeProjectDemo", "Structural Patterns\Proxy Pattern\CodeProjectDemo\CodeProjectDemo.csproj", "{F4FE76A7-F608-4CE1-A8C6-D6A2C824FB02}"
EndProject
Project("{9A19103F-16F7-4668-BE54-9A1E7A4F7556}") = "Demo", "Structural Patterns\Proxy Pattern\Demo\Demo.csproj", "{1A0E037A-83E0-49DD-986A-0164A73AF90E}"
EndProject
Project("{2150E333-8FDC-42A3-9474-1A3956D46DE8}") = "Decorator Pattern", "Decorator Pattern", "{A972A689-DFD3-4D6B-9CC9-AA059DDCAC9F}"
EndProject
Project("{9A19103F-16F7-4668-BE54-9A1E7A4F7556}") = "CoffeExample", "Structural Patterns\Decorator Pattern\CoffeExample\CoffeExample.csproj", "{CD14B515-8299-4F5E-A6B6-A744F4324873}"
EndProject
Project("{9A19103F-16F7-4668-BE54-9A1E7A4F7556}") = "TestCoffee", "Structural Patterns\Decorator Pattern\ClassLibrary1\TestCoffee.csproj", "{38EB1FA7-5B06-4C70-AE8D-7F1143CA2C42}"
EndProject
Project("{2150E333-8FDC-42A3-9474-1A3956D46DE8}") = "Adapter pattern", "Adapter pattern", "{14BAED68-6830-47C6-8998-7A4813628F91}"
EndProject
Project("{9A19103F-16F7-4668-BE54-9A1E7A4F7556}") = "DemoExample", "Structural Patterns\Adapter pattern\DemoExample\DemoExample.csproj", "{45D46FB2-4EEF-4BA4-8850-B9B090EF559D}"
EndProject
Project("{2150E333-8FDC-42A3-9474-1A3956D46DE8}") = "Bridge pattern", "Bridge pattern", "{9522004F-21C4-4B7A-B79F-F05DEC69C938}"
EndProject
Project("{9A19103F-16F7-4668-BE54-9A1E7A4F7556}") = "DotNetTrickExampleOfBridgePattern", "Structural Patterns\Bridge pattern\DotNetTrickExampleOfBridgePattern\DotNetTrickExampleOfBridgePattern.csproj", "{00041F84-6E00-484D-ABD2-B0E19855355E}"
EndProject
Project("{9A19103F-16F7-4668-BE54-9A1E7A4F7556}") = "RefactoringGuruJavaConvertToCSharpExample", "Structural Patterns\Bridge pattern\RefactoringGuruJavaConvertToCSharpExample\RefactoringGuruJavaConvertToCSharpExample.csproj", "{B8354452-E81D-4526-BA81-50F8EF7E9DEE}"
EndProject
Project("{9A19103F-16F7-4668-BE54-9A1E7A4F7556}") = "AnotherDemo", "Structural Patterns\Bridge pattern\AnotherDemo\AnotherDemo.csproj", "{DB2BEBFE-A7E7-4DDC-8A76-8B926795A0B9}"
EndProject
Project("{2150E333-8FDC-42A3-9474-1A3956D46DE8}") = "Chain of responsibility", "Chain of responsibility", "{F3506095-6309-4DE1-9DAE-9DFCAAC9158A}"
EndProject
Project("{FAE04EC0-301F-11D3-BF4B-00C04F79EFBC}") = "ChainPatternSoftUniExample", "Behavioral Patterns\Chain of responsibility\ChainPatternSoftUniExample\ChainPatternSoftUniExample.csproj", "{C65E740D-C88D-4C5C-A778-40E69EED7B08}"
EndProject
Project("{FAE04EC0-301F-11D3-BF4B-00C04F79EFBC}") = "ChainPatternWikiExample", "Behavioral Patterns\Chain of responsibility\ChainPatternWikiExample\ChainPatternWikiExample.csproj", "{353F3349-39E0-4BE7-88CB-A42001A53D7D}"
EndProject
Project("{2150E333-8FDC-42A3-9474-1A3956D46DE8}") = "Command pattern", "Command pattern", "{F3CECE58-5484-4396-B448-650BBAA2480B}"
EndProject
Project("{FAE04EC0-301F-11D3-BF4B-00C04F79EFBC}") = "DemoOne", "Behavioral Patterns\Command pattern\DemoOne\DemoOne.csproj", "{0BC52438-329E-44BB-8B31-A4EAE5DBDFFC}"
EndProject
Project("{2150E333-8FDC-42A3-9474-1A3956D46DE8}") = "Template method", "Template method", "{9C102C1F-1131-43D2-B3D1-CD1758DF9C0F}"
EndProject
Project("{FAE04EC0-301F-11D3-BF4B-00C04F79EFBC}") = "DemoTemplateMethod", "Behavioral Patterns\Template method\DemoTemplateMethod\DemoTemplateMethod.csproj", "{497E0652-07DD-4615-B83A-DCAE1E3E6DAE}"
EndProject
Project("{2150E333-8FDC-42A3-9474-1A3956D46DE8}") = "Strategy pattern", "Strategy pattern", "{7125CC3C-314C-485C-B977-08227BD3F6F4}"
EndProject
Project("{FAE04EC0-301F-11D3-BF4B-00C04F79EFBC}") = "DemoStrategyPattern", "Behavioral Patterns\Strategy pattern\DemoStrategyPattern\DemoStrategyPattern.csproj", "{67016E80-66A3-48A2-A4E4-5C84993CAF06}"
EndProject
Project("{2150E333-8FDC-42A3-9474-1A3956D46DE8}") = "Observer pattern", "Observer pattern", "{3350E7C3-4C18-4BC3-8964-B3A40B0E807E}"
EndProject
Project("{FAE04EC0-301F-11D3-BF4B-00C04F79EFBC}") = "DemoObserver", "Behavioral Patterns\Observer pattern\DemoObserver\DemoObserver.csproj", "{62173E3A-2EE1-46AD-BD0E-65D134933C94}"
EndProject
Project("{FAE04EC0-301F-11D3-BF4B-00C04F79EFBC}") = "ExceptionNotFoundExample", "Behavioral Patterns\Observer pattern\ExceptionNotFoundExample\ExceptionNotFoundExample.csproj", "{4FDE2166-FC0C-4FAC-8A37-BAE6873FF284}"
EndProject
Project("{FAE04EC0-301F-11D3-BF4B-00C04F79EFBC}") = "CodeProjectObserverExample", "Behavioral Patterns\Observer pattern\CodeProjectObserverExample\CodeProjectObserverExample.csproj", "{C3FAEAD7-2DD1-4116-9377-C1C89667F51D}"
EndProject
Global
	GlobalSection(SolutionConfigurationPlatforms) = preSolution
		Debug|Any CPU = Debug|Any CPU
		Release|Any CPU = Release|Any CPU
	EndGlobalSection
	GlobalSection(ProjectConfigurationPlatforms) = postSolution
		{6CF2246F-7BAE-4AB4-9941-E47879FBE0AE}.Debug|Any CPU.ActiveCfg = Debug|Any CPU
		{6CF2246F-7BAE-4AB4-9941-E47879FBE0AE}.Debug|Any CPU.Build.0 = Debug|Any CPU
		{6CF2246F-7BAE-4AB4-9941-E47879FBE0AE}.Release|Any CPU.ActiveCfg = Release|Any CPU
		{6CF2246F-7BAE-4AB4-9941-E47879FBE0AE}.Release|Any CPU.Build.0 = Release|Any CPU
		{3247066F-A3D6-420F-976A-D3319F81E8B9}.Debug|Any CPU.ActiveCfg = Debug|Any CPU
		{3247066F-A3D6-420F-976A-D3319F81E8B9}.Debug|Any CPU.Build.0 = Debug|Any CPU
		{3247066F-A3D6-420F-976A-D3319F81E8B9}.Release|Any CPU.ActiveCfg = Release|Any CPU
		{3247066F-A3D6-420F-976A-D3319F81E8B9}.Release|Any CPU.Build.0 = Release|Any CPU
		{B68C0A25-5418-4D40-8F28-906E106E6272}.Debug|Any CPU.ActiveCfg = Debug|Any CPU
		{B68C0A25-5418-4D40-8F28-906E106E6272}.Debug|Any CPU.Build.0 = Debug|Any CPU
		{B68C0A25-5418-4D40-8F28-906E106E6272}.Release|Any CPU.ActiveCfg = Release|Any CPU
		{B68C0A25-5418-4D40-8F28-906E106E6272}.Release|Any CPU.Build.0 = Release|Any CPU
		{029776A0-7C84-4DB8-B5F4-3AAEBA3ACF7E}.Debug|Any CPU.ActiveCfg = Debug|Any CPU
		{029776A0-7C84-4DB8-B5F4-3AAEBA3ACF7E}.Debug|Any CPU.Build.0 = Debug|Any CPU
		{029776A0-7C84-4DB8-B5F4-3AAEBA3ACF7E}.Release|Any CPU.ActiveCfg = Release|Any CPU
		{029776A0-7C84-4DB8-B5F4-3AAEBA3ACF7E}.Release|Any CPU.Build.0 = Release|Any CPU
		{AD9A1EB4-EB04-4D90-944C-548ABE3358C8}.Debug|Any CPU.ActiveCfg = Debug|Any CPU
		{AD9A1EB4-EB04-4D90-944C-548ABE3358C8}.Debug|Any CPU.Build.0 = Debug|Any CPU
		{AD9A1EB4-EB04-4D90-944C-548ABE3358C8}.Release|Any CPU.ActiveCfg = Release|Any CPU
		{AD9A1EB4-EB04-4D90-944C-548ABE3358C8}.Release|Any CPU.Build.0 = Release|Any CPU
		{1DB51628-B924-447D-9594-E10262D928A6}.Debug|Any CPU.ActiveCfg = Debug|Any CPU
		{1DB51628-B924-447D-9594-E10262D928A6}.Debug|Any CPU.Build.0 = Debug|Any CPU
		{1DB51628-B924-447D-9594-E10262D928A6}.Release|Any CPU.ActiveCfg = Release|Any CPU
		{1DB51628-B924-447D-9594-E10262D928A6}.Release|Any CPU.Build.0 = Release|Any CPU
		{1CCF27AC-5B03-463C-A2C4-845605502615}.Debug|Any CPU.ActiveCfg = Debug|Any CPU
		{1CCF27AC-5B03-463C-A2C4-845605502615}.Debug|Any CPU.Build.0 = Debug|Any CPU
		{1CCF27AC-5B03-463C-A2C4-845605502615}.Release|Any CPU.ActiveCfg = Release|Any CPU
		{1CCF27AC-5B03-463C-A2C4-845605502615}.Release|Any CPU.Build.0 = Release|Any CPU
		{A5FE1780-7609-4F29-936E-47952BEEBB62}.Debug|Any CPU.ActiveCfg = Debug|Any CPU
		{A5FE1780-7609-4F29-936E-47952BEEBB62}.Debug|Any CPU.Build.0 = Debug|Any CPU
		{A5FE1780-7609-4F29-936E-47952BEEBB62}.Release|Any CPU.ActiveCfg = Release|Any CPU
		{A5FE1780-7609-4F29-936E-47952BEEBB62}.Release|Any CPU.Build.0 = Release|Any CPU
		{F743DA3D-C071-4E6F-9228-EA8E616AEBD4}.Debug|Any CPU.ActiveCfg = Debug|Any CPU
		{F743DA3D-C071-4E6F-9228-EA8E616AEBD4}.Debug|Any CPU.Build.0 = Debug|Any CPU
		{F743DA3D-C071-4E6F-9228-EA8E616AEBD4}.Release|Any CPU.ActiveCfg = Release|Any CPU
		{F743DA3D-C071-4E6F-9228-EA8E616AEBD4}.Release|Any CPU.Build.0 = Release|Any CPU
		{CE69D520-8D83-4B58-949F-F6004E560CC6}.Debug|Any CPU.ActiveCfg = Debug|Any CPU
		{CE69D520-8D83-4B58-949F-F6004E560CC6}.Debug|Any CPU.Build.0 = Debug|Any CPU
		{CE69D520-8D83-4B58-949F-F6004E560CC6}.Release|Any CPU.ActiveCfg = Release|Any CPU
		{CE69D520-8D83-4B58-949F-F6004E560CC6}.Release|Any CPU.Build.0 = Release|Any CPU
		{47301806-C9AB-430C-8E28-3D09711D5342}.Debug|Any CPU.ActiveCfg = Debug|Any CPU
		{47301806-C9AB-430C-8E28-3D09711D5342}.Debug|Any CPU.Build.0 = Debug|Any CPU
		{47301806-C9AB-430C-8E28-3D09711D5342}.Release|Any CPU.ActiveCfg = Release|Any CPU
		{47301806-C9AB-430C-8E28-3D09711D5342}.Release|Any CPU.Build.0 = Release|Any CPU
		{F1F96DFF-BDD6-4856-8F95-45CC4EDC21BD}.Debug|Any CPU.ActiveCfg = Debug|Any CPU
		{F1F96DFF-BDD6-4856-8F95-45CC4EDC21BD}.Debug|Any CPU.Build.0 = Debug|Any CPU
		{F1F96DFF-BDD6-4856-8F95-45CC4EDC21BD}.Release|Any CPU.ActiveCfg = Release|Any CPU
		{F1F96DFF-BDD6-4856-8F95-45CC4EDC21BD}.Release|Any CPU.Build.0 = Release|Any CPU
		{7BC1B399-DC18-4014-B68B-A8A91422B102}.Debug|Any CPU.ActiveCfg = Debug|Any CPU
		{7BC1B399-DC18-4014-B68B-A8A91422B102}.Debug|Any CPU.Build.0 = Debug|Any CPU
		{7BC1B399-DC18-4014-B68B-A8A91422B102}.Release|Any CPU.ActiveCfg = Release|Any CPU
		{7BC1B399-DC18-4014-B68B-A8A91422B102}.Release|Any CPU.Build.0 = Release|Any CPU
		{FB10BA21-1633-435D-A632-8843C44FCA60}.Debug|Any CPU.ActiveCfg = Debug|Any CPU
		{FB10BA21-1633-435D-A632-8843C44FCA60}.Debug|Any CPU.Build.0 = Debug|Any CPU
		{FB10BA21-1633-435D-A632-8843C44FCA60}.Release|Any CPU.ActiveCfg = Release|Any CPU
		{FB10BA21-1633-435D-A632-8843C44FCA60}.Release|Any CPU.Build.0 = Release|Any CPU
		{744B660D-9BE3-4585-8068-F197770C467E}.Debug|Any CPU.ActiveCfg = Debug|Any CPU
		{744B660D-9BE3-4585-8068-F197770C467E}.Debug|Any CPU.Build.0 = Debug|Any CPU
		{744B660D-9BE3-4585-8068-F197770C467E}.Release|Any CPU.ActiveCfg = Release|Any CPU
		{744B660D-9BE3-4585-8068-F197770C467E}.Release|Any CPU.Build.0 = Release|Any CPU
		{56F5687A-BC45-4A42-B4F2-47CDDAC13AD5}.Debug|Any CPU.ActiveCfg = Debug|Any CPU
		{56F5687A-BC45-4A42-B4F2-47CDDAC13AD5}.Debug|Any CPU.Build.0 = Debug|Any CPU
		{56F5687A-BC45-4A42-B4F2-47CDDAC13AD5}.Release|Any CPU.ActiveCfg = Release|Any CPU
		{56F5687A-BC45-4A42-B4F2-47CDDAC13AD5}.Release|Any CPU.Build.0 = Release|Any CPU
		{F13B2725-02E1-4DAD-B8C8-1FA851C0760A}.Debug|Any CPU.ActiveCfg = Debug|Any CPU
		{F13B2725-02E1-4DAD-B8C8-1FA851C0760A}.Debug|Any CPU.Build.0 = Debug|Any CPU
		{F13B2725-02E1-4DAD-B8C8-1FA851C0760A}.Release|Any CPU.ActiveCfg = Release|Any CPU
		{F13B2725-02E1-4DAD-B8C8-1FA851C0760A}.Release|Any CPU.Build.0 = Release|Any CPU
		{FDC11991-7940-463F-A814-B51B55F2BFAD}.Debug|Any CPU.ActiveCfg = Debug|Any CPU
		{FDC11991-7940-463F-A814-B51B55F2BFAD}.Debug|Any CPU.Build.0 = Debug|Any CPU
		{FDC11991-7940-463F-A814-B51B55F2BFAD}.Release|Any CPU.ActiveCfg = Release|Any CPU
		{FDC11991-7940-463F-A814-B51B55F2BFAD}.Release|Any CPU.Build.0 = Release|Any CPU
		{389B76AF-046A-4E63-A8C0-CFF82BFF81EA}.Debug|Any CPU.ActiveCfg = Debug|Any CPU
		{389B76AF-046A-4E63-A8C0-CFF82BFF81EA}.Debug|Any CPU.Build.0 = Debug|Any CPU
		{389B76AF-046A-4E63-A8C0-CFF82BFF81EA}.Release|Any CPU.ActiveCfg = Release|Any CPU
		{389B76AF-046A-4E63-A8C0-CFF82BFF81EA}.Release|Any CPU.Build.0 = Release|Any CPU
		{5F90D668-07EE-4A80-B5B8-EADCD2D4BCB7}.Debug|Any CPU.ActiveCfg = Debug|Any CPU
		{5F90D668-07EE-4A80-B5B8-EADCD2D4BCB7}.Debug|Any CPU.Build.0 = Debug|Any CPU
		{5F90D668-07EE-4A80-B5B8-EADCD2D4BCB7}.Release|Any CPU.ActiveCfg = Release|Any CPU
		{5F90D668-07EE-4A80-B5B8-EADCD2D4BCB7}.Release|Any CPU.Build.0 = Release|Any CPU
		{6F429F25-B242-4758-B7CA-E9EE592742FE}.Debug|Any CPU.ActiveCfg = Debug|Any CPU
		{6F429F25-B242-4758-B7CA-E9EE592742FE}.Debug|Any CPU.Build.0 = Debug|Any CPU
		{6F429F25-B242-4758-B7CA-E9EE592742FE}.Release|Any CPU.ActiveCfg = Release|Any CPU
		{6F429F25-B242-4758-B7CA-E9EE592742FE}.Release|Any CPU.Build.0 = Release|Any CPU
		{59F73E03-A521-4403-8475-5145E546DE63}.Debug|Any CPU.ActiveCfg = Debug|Any CPU
		{59F73E03-A521-4403-8475-5145E546DE63}.Debug|Any CPU.Build.0 = Debug|Any CPU
		{59F73E03-A521-4403-8475-5145E546DE63}.Release|Any CPU.ActiveCfg = Release|Any CPU
		{59F73E03-A521-4403-8475-5145E546DE63}.Release|Any CPU.Build.0 = Release|Any CPU
		{4A55D3E6-44BF-4279-B92D-44EE262F6CFD}.Debug|Any CPU.ActiveCfg = Debug|Any CPU
		{4A55D3E6-44BF-4279-B92D-44EE262F6CFD}.Debug|Any CPU.Build.0 = Debug|Any CPU
		{4A55D3E6-44BF-4279-B92D-44EE262F6CFD}.Release|Any CPU.ActiveCfg = Release|Any CPU
		{4A55D3E6-44BF-4279-B92D-44EE262F6CFD}.Release|Any CPU.Build.0 = Release|Any CPU
		{862723F5-7DB5-4D7D-9BC8-F63A06A9B083}.Debug|Any CPU.ActiveCfg = Debug|Any CPU
		{862723F5-7DB5-4D7D-9BC8-F63A06A9B083}.Debug|Any CPU.Build.0 = Debug|Any CPU
		{862723F5-7DB5-4D7D-9BC8-F63A06A9B083}.Release|Any CPU.ActiveCfg = Release|Any CPU
		{862723F5-7DB5-4D7D-9BC8-F63A06A9B083}.Release|Any CPU.Build.0 = Release|Any CPU
		{10CF252E-548A-47E4-BD5D-0C9250E962CF}.Debug|Any CPU.ActiveCfg = Debug|Any CPU
		{10CF252E-548A-47E4-BD5D-0C9250E962CF}.Debug|Any CPU.Build.0 = Debug|Any CPU
		{10CF252E-548A-47E4-BD5D-0C9250E962CF}.Release|Any CPU.ActiveCfg = Release|Any CPU
		{10CF252E-548A-47E4-BD5D-0C9250E962CF}.Release|Any CPU.Build.0 = Release|Any CPU
		{F64644F3-EBAE-43BA-83E3-BC1C10F6A910}.Debug|Any CPU.ActiveCfg = Debug|Any CPU
		{F64644F3-EBAE-43BA-83E3-BC1C10F6A910}.Debug|Any CPU.Build.0 = Debug|Any CPU
		{F64644F3-EBAE-43BA-83E3-BC1C10F6A910}.Release|Any CPU.ActiveCfg = Release|Any CPU
		{F64644F3-EBAE-43BA-83E3-BC1C10F6A910}.Release|Any CPU.Build.0 = Release|Any CPU
		{3B77D975-8583-46D5-81DB-74B070F6C2C3}.Debug|Any CPU.ActiveCfg = Debug|Any CPU
		{3B77D975-8583-46D5-81DB-74B070F6C2C3}.Debug|Any CPU.Build.0 = Debug|Any CPU
		{3B77D975-8583-46D5-81DB-74B070F6C2C3}.Release|Any CPU.ActiveCfg = Release|Any CPU
		{3B77D975-8583-46D5-81DB-74B070F6C2C3}.Release|Any CPU.Build.0 = Release|Any CPU
		{F4FE76A7-F608-4CE1-A8C6-D6A2C824FB02}.Debug|Any CPU.ActiveCfg = Debug|Any CPU
		{F4FE76A7-F608-4CE1-A8C6-D6A2C824FB02}.Debug|Any CPU.Build.0 = Debug|Any CPU
		{F4FE76A7-F608-4CE1-A8C6-D6A2C824FB02}.Release|Any CPU.ActiveCfg = Release|Any CPU
		{F4FE76A7-F608-4CE1-A8C6-D6A2C824FB02}.Release|Any CPU.Build.0 = Release|Any CPU
		{1A0E037A-83E0-49DD-986A-0164A73AF90E}.Debug|Any CPU.ActiveCfg = Debug|Any CPU
		{1A0E037A-83E0-49DD-986A-0164A73AF90E}.Debug|Any CPU.Build.0 = Debug|Any CPU
		{1A0E037A-83E0-49DD-986A-0164A73AF90E}.Release|Any CPU.ActiveCfg = Release|Any CPU
		{1A0E037A-83E0-49DD-986A-0164A73AF90E}.Release|Any CPU.Build.0 = Release|Any CPU
		{CD14B515-8299-4F5E-A6B6-A744F4324873}.Debug|Any CPU.ActiveCfg = Debug|Any CPU
		{CD14B515-8299-4F5E-A6B6-A744F4324873}.Debug|Any CPU.Build.0 = Debug|Any CPU
		{CD14B515-8299-4F5E-A6B6-A744F4324873}.Release|Any CPU.ActiveCfg = Release|Any CPU
		{CD14B515-8299-4F5E-A6B6-A744F4324873}.Release|Any CPU.Build.0 = Release|Any CPU
		{38EB1FA7-5B06-4C70-AE8D-7F1143CA2C42}.Debug|Any CPU.ActiveCfg = Debug|Any CPU
		{38EB1FA7-5B06-4C70-AE8D-7F1143CA2C42}.Debug|Any CPU.Build.0 = Debug|Any CPU
		{38EB1FA7-5B06-4C70-AE8D-7F1143CA2C42}.Release|Any CPU.ActiveCfg = Release|Any CPU
		{38EB1FA7-5B06-4C70-AE8D-7F1143CA2C42}.Release|Any CPU.Build.0 = Release|Any CPU
		{45D46FB2-4EEF-4BA4-8850-B9B090EF559D}.Debug|Any CPU.ActiveCfg = Debug|Any CPU
		{45D46FB2-4EEF-4BA4-8850-B9B090EF559D}.Debug|Any CPU.Build.0 = Debug|Any CPU
		{45D46FB2-4EEF-4BA4-8850-B9B090EF559D}.Release|Any CPU.ActiveCfg = Release|Any CPU
		{45D46FB2-4EEF-4BA4-8850-B9B090EF559D}.Release|Any CPU.Build.0 = Release|Any CPU
		{00041F84-6E00-484D-ABD2-B0E19855355E}.Debug|Any CPU.ActiveCfg = Debug|Any CPU
		{00041F84-6E00-484D-ABD2-B0E19855355E}.Debug|Any CPU.Build.0 = Debug|Any CPU
		{00041F84-6E00-484D-ABD2-B0E19855355E}.Release|Any CPU.ActiveCfg = Release|Any CPU
		{00041F84-6E00-484D-ABD2-B0E19855355E}.Release|Any CPU.Build.0 = Release|Any CPU
		{B8354452-E81D-4526-BA81-50F8EF7E9DEE}.Debug|Any CPU.ActiveCfg = Debug|Any CPU
		{B8354452-E81D-4526-BA81-50F8EF7E9DEE}.Debug|Any CPU.Build.0 = Debug|Any CPU
		{B8354452-E81D-4526-BA81-50F8EF7E9DEE}.Release|Any CPU.ActiveCfg = Release|Any CPU
		{B8354452-E81D-4526-BA81-50F8EF7E9DEE}.Release|Any CPU.Build.0 = Release|Any CPU
		{DB2BEBFE-A7E7-4DDC-8A76-8B926795A0B9}.Debug|Any CPU.ActiveCfg = Debug|Any CPU
		{DB2BEBFE-A7E7-4DDC-8A76-8B926795A0B9}.Debug|Any CPU.Build.0 = Debug|Any CPU
		{DB2BEBFE-A7E7-4DDC-8A76-8B926795A0B9}.Release|Any CPU.ActiveCfg = Release|Any CPU
		{DB2BEBFE-A7E7-4DDC-8A76-8B926795A0B9}.Release|Any CPU.Build.0 = Release|Any CPU
		{C65E740D-C88D-4C5C-A778-40E69EED7B08}.Debug|Any CPU.ActiveCfg = Debug|Any CPU
		{C65E740D-C88D-4C5C-A778-40E69EED7B08}.Debug|Any CPU.Build.0 = Debug|Any CPU
		{C65E740D-C88D-4C5C-A778-40E69EED7B08}.Release|Any CPU.ActiveCfg = Release|Any CPU
		{C65E740D-C88D-4C5C-A778-40E69EED7B08}.Release|Any CPU.Build.0 = Release|Any CPU
		{353F3349-39E0-4BE7-88CB-A42001A53D7D}.Debug|Any CPU.ActiveCfg = Debug|Any CPU
		{353F3349-39E0-4BE7-88CB-A42001A53D7D}.Debug|Any CPU.Build.0 = Debug|Any CPU
		{353F3349-39E0-4BE7-88CB-A42001A53D7D}.Release|Any CPU.ActiveCfg = Release|Any CPU
		{353F3349-39E0-4BE7-88CB-A42001A53D7D}.Release|Any CPU.Build.0 = Release|Any CPU
		{0BC52438-329E-44BB-8B31-A4EAE5DBDFFC}.Debug|Any CPU.ActiveCfg = Debug|Any CPU
		{0BC52438-329E-44BB-8B31-A4EAE5DBDFFC}.Debug|Any CPU.Build.0 = Debug|Any CPU
		{0BC52438-329E-44BB-8B31-A4EAE5DBDFFC}.Release|Any CPU.ActiveCfg = Release|Any CPU
		{0BC52438-329E-44BB-8B31-A4EAE5DBDFFC}.Release|Any CPU.Build.0 = Release|Any CPU
		{497E0652-07DD-4615-B83A-DCAE1E3E6DAE}.Debug|Any CPU.ActiveCfg = Debug|Any CPU
		{497E0652-07DD-4615-B83A-DCAE1E3E6DAE}.Debug|Any CPU.Build.0 = Debug|Any CPU
		{497E0652-07DD-4615-B83A-DCAE1E3E6DAE}.Release|Any CPU.ActiveCfg = Release|Any CPU
		{497E0652-07DD-4615-B83A-DCAE1E3E6DAE}.Release|Any CPU.Build.0 = Release|Any CPU
		{67016E80-66A3-48A2-A4E4-5C84993CAF06}.Debug|Any CPU.ActiveCfg = Debug|Any CPU
		{67016E80-66A3-48A2-A4E4-5C84993CAF06}.Debug|Any CPU.Build.0 = Debug|Any CPU
		{67016E80-66A3-48A2-A4E4-5C84993CAF06}.Release|Any CPU.ActiveCfg = Release|Any CPU
		{67016E80-66A3-48A2-A4E4-5C84993CAF06}.Release|Any CPU.Build.0 = Release|Any CPU
		{62173E3A-2EE1-46AD-BD0E-65D134933C94}.Debug|Any CPU.ActiveCfg = Debug|Any CPU
		{62173E3A-2EE1-46AD-BD0E-65D134933C94}.Debug|Any CPU.Build.0 = Debug|Any CPU
		{62173E3A-2EE1-46AD-BD0E-65D134933C94}.Release|Any CPU.ActiveCfg = Release|Any CPU
		{62173E3A-2EE1-46AD-BD0E-65D134933C94}.Release|Any CPU.Build.0 = Release|Any CPU
		{4FDE2166-FC0C-4FAC-8A37-BAE6873FF284}.Debug|Any CPU.ActiveCfg = Debug|Any CPU
		{4FDE2166-FC0C-4FAC-8A37-BAE6873FF284}.Debug|Any CPU.Build.0 = Debug|Any CPU
		{4FDE2166-FC0C-4FAC-8A37-BAE6873FF284}.Release|Any CPU.ActiveCfg = Release|Any CPU
		{4FDE2166-FC0C-4FAC-8A37-BAE6873FF284}.Release|Any CPU.Build.0 = Release|Any CPU
		{C3FAEAD7-2DD1-4116-9377-C1C89667F51D}.Debug|Any CPU.ActiveCfg = Debug|Any CPU
		{C3FAEAD7-2DD1-4116-9377-C1C89667F51D}.Debug|Any CPU.Build.0 = Debug|Any CPU
		{C3FAEAD7-2DD1-4116-9377-C1C89667F51D}.Release|Any CPU.ActiveCfg = Release|Any CPU
		{C3FAEAD7-2DD1-4116-9377-C1C89667F51D}.Release|Any CPU.Build.0 = Release|Any CPU
	EndGlobalSection
	GlobalSection(SolutionProperties) = preSolution
		HideSolutionNode = FALSE
	EndGlobalSection
	GlobalSection(NestedProjects) = preSolution
		{F5828C05-9C91-48EA-86E1-7E5C94332788} = {A60DEC21-A5DB-4967-ADBC-1A1915761014}
		{6CF2246F-7BAE-4AB4-9941-E47879FBE0AE} = {F5828C05-9C91-48EA-86E1-7E5C94332788}
		{C2C72221-8EBC-4A3E-91C4-AA71B4E34896} = {A60DEC21-A5DB-4967-ADBC-1A1915761014}
		{168AC550-F323-4DAC-9887-5CCF0D635A8F} = {A60DEC21-A5DB-4967-ADBC-1A1915761014}
		{3247066F-A3D6-420F-976A-D3319F81E8B9} = {C2C72221-8EBC-4A3E-91C4-AA71B4E34896}
		{B68C0A25-5418-4D40-8F28-906E106E6272} = {C2C72221-8EBC-4A3E-91C4-AA71B4E34896}
		{693E432A-5457-4FC6-A357-A06C899D8063} = {A60DEC21-A5DB-4967-ADBC-1A1915761014}
		{029776A0-7C84-4DB8-B5F4-3AAEBA3ACF7E} = {693E432A-5457-4FC6-A357-A06C899D8063}
		{AD9A1EB4-EB04-4D90-944C-548ABE3358C8} = {168AC550-F323-4DAC-9887-5CCF0D635A8F}
		{1DB51628-B924-447D-9594-E10262D928A6} = {168AC550-F323-4DAC-9887-5CCF0D635A8F}
		{1CCF27AC-5B03-463C-A2C4-845605502615} = {168AC550-F323-4DAC-9887-5CCF0D635A8F}
		{8B76F00B-53F8-46D2-8EC9-AF8F13B9297B} = {A60DEC21-A5DB-4967-ADBC-1A1915761014}
		{A5FE1780-7609-4F29-936E-47952BEEBB62} = {8B76F00B-53F8-46D2-8EC9-AF8F13B9297B}
		{F743DA3D-C071-4E6F-9228-EA8E616AEBD4} = {8B76F00B-53F8-46D2-8EC9-AF8F13B9297B}
		{8AA8F047-BB2E-49E9-8A28-EF59E5772F96} = {A60DEC21-A5DB-4967-ADBC-1A1915761014}
		{CE69D520-8D83-4B58-949F-F6004E560CC6} = {8AA8F047-BB2E-49E9-8A28-EF59E5772F96}
		{47301806-C9AB-430C-8E28-3D09711D5342} = {8AA8F047-BB2E-49E9-8A28-EF59E5772F96}
		{F1F96DFF-BDD6-4856-8F95-45CC4EDC21BD} = {8AA8F047-BB2E-49E9-8A28-EF59E5772F96}
		{9E7B6AF1-5443-4937-9181-C2BA117F30B8} = {A60DEC21-A5DB-4967-ADBC-1A1915761014}
		{7BC1B399-DC18-4014-B68B-A8A91422B102} = {9E7B6AF1-5443-4937-9181-C2BA117F30B8}
		{B8799E62-0CDF-4F8B-9E92-E952F2CFC98C} = {A60DEC21-A5DB-4967-ADBC-1A1915761014}
		{FB10BA21-1633-435D-A632-8843C44FCA60} = {B8799E62-0CDF-4F8B-9E92-E952F2CFC98C}
		{1FE34421-5F9B-436E-841E-9A6BC66B02D7} = {A60DEC21-A5DB-4967-ADBC-1A1915761014}
		{744B660D-9BE3-4585-8068-F197770C467E} = {1FE34421-5F9B-436E-841E-9A6BC66B02D7}
		{56F5687A-BC45-4A42-B4F2-47CDDAC13AD5} = {1FE34421-5F9B-436E-841E-9A6BC66B02D7}
		{F13B2725-02E1-4DAD-B8C8-1FA851C0760A} = {8AA8F047-BB2E-49E9-8A28-EF59E5772F96}
		{824B87D5-2BF3-4AC1-85DF-E46B1A8AD231} = {7A1C45E9-20A1-4870-8768-D4037D63E8A3}
		{FDC11991-7940-463F-A814-B51B55F2BFAD} = {824B87D5-2BF3-4AC1-85DF-E46B1A8AD231}
		{389B76AF-046A-4E63-A8C0-CFF82BFF81EA} = {824B87D5-2BF3-4AC1-85DF-E46B1A8AD231}
		{5F90D668-07EE-4A80-B5B8-EADCD2D4BCB7} = {824B87D5-2BF3-4AC1-85DF-E46B1A8AD231}
		{A7545975-7A85-4CFA-8148-E314408585CD} = {7A1C45E9-20A1-4870-8768-D4037D63E8A3}
		{6F429F25-B242-4758-B7CA-E9EE592742FE} = {A7545975-7A85-4CFA-8148-E314408585CD}
		{59F73E03-A521-4403-8475-5145E546DE63} = {F98ABDC7-AD7A-427E-A880-DA5D7FF58D9F}
		{4A55D3E6-44BF-4279-B92D-44EE262F6CFD} = {F98ABDC7-AD7A-427E-A880-DA5D7FF58D9F}
		{862723F5-7DB5-4D7D-9BC8-F63A06A9B083} = {A7545975-7A85-4CFA-8148-E314408585CD}
		{0CD4AD38-BA47-4BED-B7D9-80B825AECB93} = {7A1C45E9-20A1-4870-8768-D4037D63E8A3}
		{10CF252E-548A-47E4-BD5D-0C9250E962CF} = {0CD4AD38-BA47-4BED-B7D9-80B825AECB93}
		{F64644F3-EBAE-43BA-83E3-BC1C10F6A910} = {0CD4AD38-BA47-4BED-B7D9-80B825AECB93}
		{3B77D975-8583-46D5-81DB-74B070F6C2C3} = {0CD4AD38-BA47-4BED-B7D9-80B825AECB93}
		{E00BE694-4159-4A9A-A87D-D616A32A1134} = {7A1C45E9-20A1-4870-8768-D4037D63E8A3}
		{F4FE76A7-F608-4CE1-A8C6-D6A2C824FB02} = {E00BE694-4159-4A9A-A87D-D616A32A1134}
		{1A0E037A-83E0-49DD-986A-0164A73AF90E} = {E00BE694-4159-4A9A-A87D-D616A32A1134}
		{A972A689-DFD3-4D6B-9CC9-AA059DDCAC9F} = {7A1C45E9-20A1-4870-8768-D4037D63E8A3}
		{CD14B515-8299-4F5E-A6B6-A744F4324873} = {A972A689-DFD3-4D6B-9CC9-AA059DDCAC9F}
		{38EB1FA7-5B06-4C70-AE8D-7F1143CA2C42} = {A972A689-DFD3-4D6B-9CC9-AA059DDCAC9F}
		{14BAED68-6830-47C6-8998-7A4813628F91} = {7A1C45E9-20A1-4870-8768-D4037D63E8A3}
		{45D46FB2-4EEF-4BA4-8850-B9B090EF559D} = {14BAED68-6830-47C6-8998-7A4813628F91}
		{9522004F-21C4-4B7A-B79F-F05DEC69C938} = {7A1C45E9-20A1-4870-8768-D4037D63E8A3}
		{00041F84-6E00-484D-ABD2-B0E19855355E} = {9522004F-21C4-4B7A-B79F-F05DEC69C938}
		{B8354452-E81D-4526-BA81-50F8EF7E9DEE} = {9522004F-21C4-4B7A-B79F-F05DEC69C938}
		{DB2BEBFE-A7E7-4DDC-8A76-8B926795A0B9} = {9522004F-21C4-4B7A-B79F-F05DEC69C938}
		{F3506095-6309-4DE1-9DAE-9DFCAAC9158A} = {F2CC08B8-C7A1-44F6-A1A8-22E6BAC94393}
		{C65E740D-C88D-4C5C-A778-40E69EED7B08} = {F3506095-6309-4DE1-9DAE-9DFCAAC9158A}
		{353F3349-39E0-4BE7-88CB-A42001A53D7D} = {F3506095-6309-4DE1-9DAE-9DFCAAC9158A}
		{F3CECE58-5484-4396-B448-650BBAA2480B} = {F2CC08B8-C7A1-44F6-A1A8-22E6BAC94393}
		{0BC52438-329E-44BB-8B31-A4EAE5DBDFFC} = {F3CECE58-5484-4396-B448-650BBAA2480B}
		{9C102C1F-1131-43D2-B3D1-CD1758DF9C0F} = {F2CC08B8-C7A1-44F6-A1A8-22E6BAC94393}
		{497E0652-07DD-4615-B83A-DCAE1E3E6DAE} = {9C102C1F-1131-43D2-B3D1-CD1758DF9C0F}
		{7125CC3C-314C-485C-B977-08227BD3F6F4} = {F2CC08B8-C7A1-44F6-A1A8-22E6BAC94393}
		{67016E80-66A3-48A2-A4E4-5C84993CAF06} = {7125CC3C-314C-485C-B977-08227BD3F6F4}
		{3350E7C3-4C18-4BC3-8964-B3A40B0E807E} = {F2CC08B8-C7A1-44F6-A1A8-22E6BAC94393}
		{62173E3A-2EE1-46AD-BD0E-65D134933C94} = {3350E7C3-4C18-4BC3-8964-B3A40B0E807E}
		{4FDE2166-FC0C-4FAC-8A37-BAE6873FF284} = {3350E7C3-4C18-4BC3-8964-B3A40B0E807E}
		{C3FAEAD7-2DD1-4116-9377-C1C89667F51D} = {3350E7C3-4C18-4BC3-8964-B3A40B0E807E}
	EndGlobalSection
	GlobalSection(ExtensibilityGlobals) = postSolution
		SolutionGuid = {E85F9587-40D5-4D04-B7F8-7B272F8C0C56}
	EndGlobalSection
EndGlobal
